
Microsoft Visual Studio Solution File, Format Version 12.00
# Visual Studio Version 16
VisualStudioVersion = 16.0.29409.12
MinimumVisualStudioVersion = 10.0.40219.1
Project("{9A19103F-16F7-4668-BE54-9A1E7A4F7556}") = "CryptoWeb", "Crypto\CryptoWeb.csproj", "{91E5F24F-CFC4-4719-814F-966046AB83C8}"
EndProject
Project("{9A19103F-16F7-4668-BE54-9A1E7A4F7556}") = "CryptoConsole", "CryptoConsole\CryptoConsole.csproj", "{EC0022B7-0541-4974-B087-65D39812BBB9}"
EndProject
Project("{9A19103F-16F7-4668-BE54-9A1E7A4F7556}") = "CryptoConverter", "CryptoConverter\CryptoConverter.csproj", "{9F18FFD5-ABBC-4DCE-AA09-B34276A4380C}"
EndProject
Project("{FAE04EC0-301F-11D3-BF4B-00C04F79EFBC}") = "CryptoConverter.Tests", "CryptoConverterTests\CryptoConverter.Tests.csproj", "{3B61C1D6-C8A1-49E3-B3F1-3C9EB03DD9C6}"
EndProject
Project("{9A19103F-16F7-4668-BE54-9A1E7A4F7556}") = "RandomNumberGenerator", "RandomNumberGenerator\RandomNumberGenerator.csproj", "{35359312-2259-4F7E-966A-682E3F769338}"
EndProject
Project("{9A19103F-16F7-4668-BE54-9A1E7A4F7556}") = "RandomNumberGeneratorSim", "RandomNumberGeneratorSim\RandomNumberGeneratorSim.csproj", "{5852C454-2328-4BDB-A1AA-72DEC0A9AC84}"
EndProject
Project("{FAE04EC0-301F-11D3-BF4B-00C04F79EFBC}") = "CryptoWebTests", "CryptoWebTests\CryptoWebTests.csproj", "{E9313626-BC39-4AB3-BFAF-1D8130D24562}"
EndProject
Global
	GlobalSection(SolutionConfigurationPlatforms) = preSolution
		Debug|Any CPU = Debug|Any CPU
		Release|Any CPU = Release|Any CPU
	EndGlobalSection
	GlobalSection(ProjectConfigurationPlatforms) = postSolution
		{91E5F24F-CFC4-4719-814F-966046AB83C8}.Debug|Any CPU.ActiveCfg = Debug|Any CPU
		{91E5F24F-CFC4-4719-814F-966046AB83C8}.Debug|Any CPU.Build.0 = Debug|Any CPU
		{91E5F24F-CFC4-4719-814F-966046AB83C8}.Release|Any CPU.ActiveCfg = Release|Any CPU
		{91E5F24F-CFC4-4719-814F-966046AB83C8}.Release|Any CPU.Build.0 = Release|Any CPU
		{EC0022B7-0541-4974-B087-65D39812BBB9}.Debug|Any CPU.ActiveCfg = Debug|Any CPU
		{EC0022B7-0541-4974-B087-65D39812BBB9}.Debug|Any CPU.Build.0 = Debug|Any CPU
		{EC0022B7-0541-4974-B087-65D39812BBB9}.Release|Any CPU.ActiveCfg = Release|Any CPU
		{EC0022B7-0541-4974-B087-65D39812BBB9}.Release|Any CPU.Build.0 = Release|Any CPU
		{9F18FFD5-ABBC-4DCE-AA09-B34276A4380C}.Debug|Any CPU.ActiveCfg = Debug|Any CPU
		{9F18FFD5-ABBC-4DCE-AA09-B34276A4380C}.Debug|Any CPU.Build.0 = Debug|Any CPU
		{9F18FFD5-ABBC-4DCE-AA09-B34276A4380C}.Release|Any CPU.ActiveCfg = Release|Any CPU
		{9F18FFD5-ABBC-4DCE-AA09-B34276A4380C}.Release|Any CPU.Build.0 = Release|Any CPU
		{3B61C1D6-C8A1-49E3-B3F1-3C9EB03DD9C6}.Debug|Any CPU.ActiveCfg = Debug|Any CPU
		{3B61C1D6-C8A1-49E3-B3F1-3C9EB03DD9C6}.Debug|Any CPU.Build.0 = Debug|Any CPU
		{3B61C1D6-C8A1-49E3-B3F1-3C9EB03DD9C6}.Release|Any CPU.ActiveCfg = Release|Any CPU
		{3B61C1D6-C8A1-49E3-B3F1-3C9EB03DD9C6}.Release|Any CPU.Build.0 = Release|Any CPU
		{35359312-2259-4F7E-966A-682E3F769338}.Debug|Any CPU.ActiveCfg = Debug|Any CPU
		{35359312-2259-4F7E-966A-682E3F769338}.Debug|Any CPU.Build.0 = Debug|Any CPU
		{35359312-2259-4F7E-966A-682E3F769338}.Release|Any CPU.ActiveCfg = Release|Any CPU
		{35359312-2259-4F7E-966A-682E3F769338}.Release|Any CPU.Build.0 = Release|Any CPU
		{5852C454-2328-4BDB-A1AA-72DEC0A9AC84}.Debug|Any CPU.ActiveCfg = Debug|Any CPU
		{5852C454-2328-4BDB-A1AA-72DEC0A9AC84}.Debug|Any CPU.Build.0 = Debug|Any CPU
		{5852C454-2328-4BDB-A1AA-72DEC0A9AC84}.Release|Any CPU.ActiveCfg = Release|Any CPU
		{5852C454-2328-4BDB-A1AA-72DEC0A9AC84}.Release|Any CPU.Build.0 = Release|Any CPU
		{E9313626-BC39-4AB3-BFAF-1D8130D24562}.Debug|Any CPU.ActiveCfg = Debug|Any CPU
		{E9313626-BC39-4AB3-BFAF-1D8130D24562}.Debug|Any CPU.Build.0 = Debug|Any CPU
		{E9313626-BC39-4AB3-BFAF-1D8130D24562}.Release|Any CPU.ActiveCfg = Release|Any CPU
		{E9313626-BC39-4AB3-BFAF-1D8130D24562}.Release|Any CPU.Build.0 = Release|Any CPU
	EndGlobalSection
	GlobalSection(SolutionProperties) = preSolution
		HideSolutionNode = FALSE
	EndGlobalSection
	GlobalSection(ExtensibilityGlobals) = postSolution
		SolutionGuid = {51C7F090-7489-477B-9EA9-6A6589FDBA8E}
	EndGlobalSection
EndGlobal
